github.com/jeffgreenca/gd-b v0.0.1 h1:R7NRKqgcW1G7jL/0VbdeFHlZJkbvu9l3dd9DHy6lfyg=
github.com/jeffgreenca/gd-b v0.0.1/go.mod h1:/FXrSwd2TRRimK9arMaa5cL/o51HRiBQ0se78UwVGvA=
github.com/jeffgreenca/gd-c v0.0.0-20210111212304-5bac2d081c3d h1:ueTyJtgrUC4BtPnkiW0pMEE/cr0e7fPcOruVJ7rRw5w=
github.com/jeffgreenca/gd-c v0.0.0-20210111212304-5bac2d081c3d/go.mod h1:bgVOYi6FKtFIKV8lP0DNOG+1o2tjL7hp0m9Enlu5/TY=
